// !$*UTF8*$!
{
	archiveVersion = 1;
	classes = {
	};
	objectVersion = 46;
	objects = {

/* Begin PBXBuildFile section */
		3FE393401F8EDB6300071BC2 /* AppDelegate.swift in Sources */ = {isa = PBXBuildFile; fileRef = 3FE3933F1F8EDB6300071BC2 /* AppDelegate.swift */; };
		3FE393421F8EDB6300071BC2 /* ViewController.swift in Sources */ = {isa = PBXBuildFile; fileRef = 3FE393411F8EDB6300071BC2 /* ViewController.swift */; };
		3FE393451F8EDB6400071BC2 /* Main.storyboard in Resources */ = {isa = PBXBuildFile; fileRef = 3FE393431F8EDB6400071BC2 /* Main.storyboard */; };
		3FE393471F8EDB6400071BC2 /* Assets.xcassets in Resources */ = {isa = PBXBuildFile; fileRef = 3FE393461F8EDB6400071BC2 /* Assets.xcassets */; };
		3FE3934A1F8EDB6400071BC2 /* LaunchScreen.storyboard in Resources */ = {isa = PBXBuildFile; fileRef = 3FE393481F8EDB6400071BC2 /* LaunchScreen.storyboard */; };
		3FE393521F8EDD5600071BC2 /* DatePickerViewController.swift in Sources */ = {isa = PBXBuildFile; fileRef = 3FE393511F8EDD5600071BC2 /* DatePickerViewController.swift */; };
		3FE393551F8EDDD800071BC2 /* SingleComponentPickerViewController.swift in Sources */ = {isa = PBXBuildFile; fileRef = 3FE393541F8EDDD800071BC2 /* SingleComponentPickerViewController.swift */; };
		3FE393571F8EDDED00071BC2 /* DoubleComponentPickerViewController.swift in Sources */ = {isa = PBXBuildFile; fileRef = 3FE393561F8EDDED00071BC2 /* DoubleComponentPickerViewController.swift */; };
		3FE393591F8EDE0000071BC2 /* DependentComponentPickerViewController.swift in Sources */ = {isa = PBXBuildFile; fileRef = 3FE393581F8EDE0000071BC2 /* DependentComponentPickerViewController.swift */; };
		3FE3935B1F8EDE0C00071BC2 /* CustomPickerViewController.swift in Sources */ = {isa = PBXBuildFile; fileRef = 3FE3935A1F8EDE0C00071BC2 /* CustomPickerViewController.swift */; };
/* End PBXBuildFile section */

/* Begin PBXFileReference section */
		3FE3933C1F8EDB6300071BC2 /* MAPD714-Segue.app */ = {isa = PBXFileReference; explicitFileType = wrapper.application; includeInIndex = 0; path = "MAPD714-Segue.app"; sourceTree = BUILT_PRODUCTS_DIR; };
		3FE3933F1F8EDB6300071BC2 /* AppDelegate.swift */ = {isa = PBXFileReference; lastKnownFileType = sourcecode.swift; path = AppDelegate.swift; sourceTree = "<group>"; };
		3FE393411F8EDB6300071BC2 /* ViewController.swift */ = {isa = PBXFileReference; lastKnownFileType = sourcecode.swift; path = ViewController.swift; sourceTree = "<group>"; };
		3FE393441F8EDB6400071BC2 /* Base */ = {isa = PBXFileReference; lastKnownFileType = file.storyboard; name = Base; path = Base.lproj/Main.storyboard; sourceTree = "<group>"; };
		3FE393461F8EDB6400071BC2 /* Assets.xcassets */ = {isa = PBXFileReference; lastKnownFileType = folder.assetcatalog; path = Assets.xcassets; sourceTree = "<group>"; };
		3FE393491F8EDB6400071BC2 /* Base */ = {isa = PBXFileReference; lastKnownFileType = file.storyboard; name = Base; path = Base.lproj/LaunchScreen.storyboard; sourceTree = "<group>"; };
		3FE3934B1F8EDB6400071BC2 /* Info.plist */ = {isa = PBXFileReference; lastKnownFileType = text.plist.xml; path = Info.plist; sourceTree = "<group>"; };
		3FE393511F8EDD5600071BC2 /* DatePickerViewController.swift */ = {isa = PBXFileReference; fileEncoding = 4; lastKnownFileType = sourcecode.swift; path = DatePickerViewController.swift; sourceTree = "<group>"; };
		3FE393541F8EDDD800071BC2 /* SingleComponentPickerViewController.swift */ = {isa = PBXFileReference; fileEncoding = 4; lastKnownFileType = sourcecode.swift; path = SingleComponentPickerViewController.swift; sourceTree = "<group>"; };
		3FE393561F8EDDED00071BC2 /* DoubleComponentPickerViewController.swift */ = {isa = PBXFileReference; fileEncoding = 4; lastKnownFileType = sourcecode.swift; path = DoubleComponentPickerViewController.swift; sourceTree = "<group>"; };
		3FE393581F8EDE0000071BC2 /* DependentComponentPickerViewController.swift */ = {isa = PBXFileReference; fileEncoding = 4; lastKnownFileType = sourcecode.swift; path = DependentComponentPickerViewController.swift; sourceTree = "<group>"; };
		3FE3935A1F8EDE0C00071BC2 /* CustomPickerViewController.swift */ = {isa = PBXFileReference; fileEncoding = 4; lastKnownFileType = sourcecode.swift; path = CustomPickerViewController.swift; sourceTree = "<group>"; };
/* End PBXFileReference section */

/* Begin PBXFrameworksBuildPhase section */
		3FE393391F8EDB6300071BC2 /* Frameworks */ = {
			isa = PBXFrameworksBuildPhase;
			buildActionMask = 2147483647;
			files = (
			);
			runOnlyForDeploymentPostprocessing = 0;
		};
/* End PBXFrameworksBuildPhase section */

/* Begin PBXGroup section */
		3FE393331F8EDB6300071BC2 = {
			isa = PBXGroup;
			children = (
				3FE3933E1F8EDB6300071BC2 /* MAPD714-Segue */,
				3FE3933D1F8EDB6300071BC2 /* Products */,
			);
			sourceTree = "<group>";
		};
		3FE3933D1F8EDB6300071BC2 /* Products */ = {
			isa = PBXGroup;
			children = (
				3FE3933C1F8EDB6300071BC2 /* MAPD714-Segue.app */,
			);
			name = Products;
			sourceTree = "<group>";
		};
		3FE3933E1F8EDB6300071BC2 /* MAPD714-Segue */ = {
			isa = PBXGroup;
			children = (
				3FE3933F1F8EDB6300071BC2 /* AppDelegate.swift */,
				3FE393411F8EDB6300071BC2 /* ViewController.swift */,
				3FE393511F8EDD5600071BC2 /* DatePickerViewController.swift */,
				3FE393541F8EDDD800071BC2 /* SingleComponentPickerViewController.swift */,
				3FE393561F8EDDED00071BC2 /* DoubleComponentPickerViewController.swift */,
				3FE393581F8EDE0000071BC2 /* DependentComponentPickerViewController.swift */,
				3FE3935A1F8EDE0C00071BC2 /* CustomPickerViewController.swift */,
				3FE393431F8EDB6400071BC2 /* Main.storyboard */,
				3FE393461F8EDB6400071BC2 /* Assets.xcassets */,
				3FE393481F8EDB6400071BC2 /* LaunchScreen.storyboard */,
				3FE3934B1F8EDB6400071BC2 /* Info.plist */,
			);
			path = "MAPD714-Segue";
			sourceTree = "<group>";
		};
/* End PBXGroup section */

/* Begin PBXNativeTarget section */
		3FE3933B1F8EDB6300071BC2 /* MAPD714-Segue */ = {
			isa = PBXNativeTarget;
			buildConfigurationList = 3FE3934E1F8EDB6400071BC2 /* Build configuration list for PBXNativeTarget "MAPD714-Segue" */;
			buildPhases = (
				3FE393381F8EDB6300071BC2 /* Sources */,
				3FE393391F8EDB6300071BC2 /* Frameworks */,
				3FE3933A1F8EDB6300071BC2 /* Resources */,
			);
			buildRules = (
			);
			dependencies = (
			);
			name = "MAPD714-Segue";
			productName = "MAPD714-Segue";
			productReference = 3FE3933C1F8EDB6300071BC2 /* MAPD714-Segue.app */;
			productType = "com.apple.product-type.application";
		};
/* End PBXNativeTarget section */

/* Begin PBXProject section */
		3FE393341F8EDB6300071BC2 /* Project object */ = {
			isa = PBXProject;
			attributes = {
				LastSwiftUpdateCheck = 0820;
				LastUpgradeCheck = 0820;
				ORGANIZATIONNAME = "Centennial College";
				TargetAttributes = {
					3FE3933B1F8EDB6300071BC2 = {
						CreatedOnToolsVersion = 8.2.1;
						ProvisioningStyle = Automatic;
					};
				};
			};
			buildConfigurationList = 3FE393371F8EDB6300071BC2 /* Build configuration list for PBXProject "MAPD714-Segue" */;
			compatibilityVersion = "Xcode 3.2";
			developmentRegion = English;
			hasScannedForEncodings = 0;
			knownRegions = (
				en,
				Base,
			);
			mainGroup = 3FE393331F8EDB6300071BC2;
			productRefGroup = 3FE3933D1F8EDB6300071BC2 /* Products */;
			projectDirPath = "";
			projectRoot = "";
			targets = (
				3FE3933B1F8EDB6300071BC2 /* MAPD714-Segue */,
			);
		};
/* End PBXProject section */

/* Begin PBXResourcesBuildPhase section */
		3FE3933A1F8EDB6300071BC2 /* Resources */ = {
			isa = PBXResourcesBuildPhase;
			buildActionMask = 2147483647;
			files = (
				3FE3934A1F8EDB6400071BC2 /* LaunchScreen.storyboard in Resources */,
				3FE393471F8EDB6400071BC2 /* Assets.xcassets in Resources */,
				3FE393451F8EDB6400071BC2 /* Main.storyboard in Resources */,
			);
			runOnlyForDeploymentPostprocessing = 0;
		};
/* End PBXResourcesBuildPhase section */

/* Begin PBXSourcesBuildPhase section */
		3FE393381F8EDB6300071BC2 /* Sources */ = {
			isa = PBXSourcesBuildPhase;
			buildActionMask = 2147483647;
			files = (
				3FE393421F8EDB6300071BC2 /* ViewController.swift in Sources */,
				3FE393401F8EDB6300071BC2 /* AppDelegate.swift in Sources */,
				3FE393591F8EDE0000071BC2 /* DependentComponentPickerViewController.swift in Sources */,
				3FE393571F8EDDED00071BC2 /* DoubleComponentPickerViewController.swift in Sources */,
				3FE3935B1F8EDE0C00071BC2 /* CustomPickerViewController.swift in Sources */,
				3FE393551F8EDDD800071BC2 /* SingleComponentPickerViewController.swift in Sources */,
				3FE393521F8EDD5600071BC2 /* DatePickerViewController.swift in Sources */,
			);
			runOnlyForDeploymentPostprocessing = 0;
		};
/* End PBXSourcesBuildPhase section */

/* Begin PBXVariantGroup section */
		3FE393431F8EDB6400071BC2 /* Main.storyboard */ = {
			isa = PBXVariantGroup;
			children = (
				3FE393441F8EDB6400071BC2 /* Base */,
			);
			name = Main.storyboard;
			sourceTree = "<group>";
		};
		3FE393481F8EDB6400071BC2 /* LaunchScreen.storyboard */ = {
			isa = PBXVariantGroup;
			children = (
				3FE393491F8EDB6400071BC2 /* Base */,
			);
			name = LaunchScreen.storyboard;
			sourceTree = "<group>";
		};
/* End PBXVariantGroup section */

/* Begin XCBuildConfiguration section */
		3FE3934C1F8EDB6400071BC2 /* Debug */ = {
			isa = XCBuildConfiguration;
			buildSettings = {
				ALWAYS_SEARCH_USER_PATHS = NO;
				CLANG_ANALYZER_NONNULL = YES;
				CLANG_CXX_LANGUAGE_STANDARD = "gnu++0x";
				CLANG_CXX_LIBRARY = "libc++";
				CLANG_ENABLE_MODULES = YES;
				CLANG_ENABLE_OBJC_ARC = YES;
				CLANG_WARN_BOOL_CONVERSION = YES;
				CLANG_WARN_CONSTANT_CONVERSION = YES;
				CLANG_WARN_DIRECT_OBJC_ISA_USAGE = YES_ERROR;
				CLANG_WARN_DOCUMENTATION_COMMENTS = YES;
				CLANG_WARN_EMPTY_BODY = YES;
				CLANG_WARN_ENUM_CONVERSION = YES;
				CLANG_WARN_INFINITE_RECURSION = YES;
				CLANG_WARN_INT_CONVERSION = YES;
				CLANG_WARN_OBJC_ROOT_CLASS = YES_ERROR;
				CLANG_WARN_SUSPICIOUS_MOVE = YES;
				CLANG_WARN_UNREACHABLE_CODE = YES;
				CLANG_WARN__DUPLICATE_METHOD_MATCH = YES;
				"CODE_SIGN_IDENTITY[sdk=iphoneos*]" = "iPhone Developer";
				COPY_PHASE_STRIP = NO;
				DEBUG_INFORMATION_FORMAT = dwarf;
				ENABLE_STRICT_OBJC_MSGSEND = YES;
				ENABLE_TESTABILITY = YES;
				GCC_C_LANGUAGE_STANDARD = gnu99;
				GCC_DYNAMIC_NO_PIC = NO;
				GCC_NO_COMMON_BLOCKS = YES;
				GCC_OPTIMIZATION_LEVEL = 0;
				GCC_PREPROCESSOR_DEFINITIONS = (
					"DEBUG=1",
					"$(inherited)",
				);
				GCC_WARN_64_TO_32_BIT_CONVERSION = YES;
				GCC_WARN_ABOUT_RETURN_TYPE = YES_ERROR;
				GCC_WARN_UNDECLARED_SELECTOR = YES;
				GCC_WARN_UNINITIALIZED_AUTOS = YES_AGGRESSIVE;
				GCC_WARN_UNUSED_FUNCTION = YES;
				GCC_WARN_UNUSED_VARIABLE = YES;
				IPHONEOS_DEPLOYMENT_TARGET = 10.2;
				MTL_ENABLE_DEBUG_INFO = YES;
				ONLY_ACTIVE_ARCH = YES;
				SDKROOT = iphoneos;
				SWIFT_ACTIVE_COMPILATION_CONDITIONS = DEBUG;
				SWIFT_OPTIMIZATION_LEVEL = "-Onone";
			};
			name = Debug;
		};
		3FE3934D1F8EDB6400071BC2 /* Release */ = {
			isa = XCBuildConfiguration;
			buildSettings = {
				ALWAYS_SEARCH_USER_PATHS = NO;
				CLANG_ANALYZER_NONNULL = YES;
				CLANG_CXX_LANGUAGE_STANDARD = "gnu++0x";
				CLANG_CXX_LIBRARY = "libc++";
				CLANG_ENABLE_MODULES = YES;
				CLANG_ENABLE_OBJC_ARC = YES;
				CLANG_WARN_BOOL_CONVERSION = YES;
				CLANG_WARN_CONSTANT_CONVERSION = YES;
				CLANG_WARN_DIRECT_OBJC_ISA_USAGE = YES_ERROR;
				CLANG_WARN_DOCUMENTATION_COMMENTS = YES;
				CLANG_WARN_EMPTY_BODY = YES;
				CLANG_WARN_ENUM_CONVERSION = YES;
				CLANG_WARN_INFINITE_RECURSION = YES;
				CLANG_WARN_INT_CONVERSION = YES;
				CLANG_WARN_OBJC_ROOT_CLASS = YES_ERROR;
				CLANG_WARN_SUSPICIOUS_MOVE = YES;
				CLANG_WARN_UNREACHABLE_CODE = YES;
				CLANG_WARN__DUPLICATE_METHOD_MATCH = YES;
				"CODE_SIGN_IDENTITY[sdk=iphoneos*]" = "iPhone Developer";
				COPY_PHASE_STRIP = NO;
				DEBUG_INFORMATION_FORMAT = "dwarf-with-dsym";
				ENABLE_NS_ASSERTIONS = NO;
				ENABLE_STRICT_OBJC_MSGSEND = YES;
				GCC_C_LANGUAGE_STANDARD = gnu99;
				GCC_NO_COMMON_BLOCKS = YES;
				GCC_WARN_64_TO_32_BIT_CONVERSION = YES;
				GCC_WARN_ABOUT_RETURN_TYPE = YES_ERROR;
				GCC_WARN_UNDECLARED_SELECTOR = YES;
				GCC_WARN_UNINITIALIZED_AUTOS = YES_AGGRESSIVE;
				GCC_WARN_UNUSED_FUNCTION = YES;
				GCC_WARN_UNUSED_VARIABLE = YES;
				IPHONEOS_DEPLOYMENT_TARGET = 10.2;
				MTL_ENABLE_DEBUG_INFO = NO;
				SDKROOT = iphoneos;
				SWIFT_OPTIMIZATION_LEVEL = "-Owholemodule";
				VALIDATE_PRODUCT = YES;
			};
			name = Release;
		};
		3FE3934F1F8EDB6400071BC2 /* Debug */ = {
			isa = XCBuildConfiguration;
			buildSettings = {
				ASSETCATALOG_COMPILER_APPICON_NAME = AppIcon;
				INFOPLIST_FILE = "MAPD714-Segue/Info.plist";
				LD_RUNPATH_SEARCH_PATHS = "$(inherited) @executable_path/Frameworks";
				PRODUCT_BUNDLE_IDENTIFIER = "ca.centennialcollege.MAPD714-Segue";
				PRODUCT_NAME = "$(TARGET_NAME)";
				SWIFT_VERSION = 3.0;
			};
			name = Debug;
		};
		3FE393501F8EDB6400071BC2 /* Release */ = {
			isa = XCBuildConfiguration;
			buildSettings = {
				ASSETCATALOG_COMPILER_APPICON_NAME = AppIcon;
				INFOPLIST_FILE = "MAPD714-Segue/Info.plist";
				LD_RUNPATH_SEARCH_PATHS = "$(inherited) @executable_path/Frameworks";
				PRODUCT_BUNDLE_IDENTIFIER = "ca.centennialcollege.MAPD714-Segue";
				PRODUCT_NAME = "$(TARGET_NAME)";
				SWIFT_VERSION = 3.0;
			};
			name = Release;
		};
/* End XCBuildConfiguration section */

/* Begin XCConfigurationList section */
		3FE393371F8EDB6300071BC2 /* Build configuration list for PBXProject "MAPD714-Segue" */ = {
			isa = XCConfigurationList;
			buildConfigurations = (
				3FE3934C1F8EDB6400071BC2 /* Debug */,
				3FE3934D1F8EDB6400071BC2 /* Release */,
			);
			defaultConfigurationIsVisible = 0;
			defaultConfigurationName = Release;
		};
		3FE3934E1F8EDB6400071BC2 /* Build configuration list for PBXNativeTarget "MAPD714-Segue" */ = {
			isa = XCConfigurationList;
			buildConfigurations = (
				3FE3934F1F8EDB6400071BC2 /* Debug */,
				3FE393501F8EDB6400071BC2 /* Release */,
			);
			defaultConfigurationIsVisible = 0;
		};
/* End XCConfigurationList section */
	};
	rootObject = 3FE393341F8EDB6300071BC2 /* Project object */;
}
